
Microsoft Visual Studio Solution File, Format Version 12.00
# Visual Studio 2012
Project("{FAE04EC0-301F-11D3-BF4B-00C04F79EFBC}") = "SwatsApp", "SwatsApp\SwatsApp.csproj", "{6A1086D8-5482-4CC0-9F63-8FAA2F44209C}"
EndProject
Project("{FAE04EC0-301F-11D3-BF4B-00C04F79EFBC}") = "SwatsApp.iOS", "iOS\SwatsApp.iOS.csproj", "{32797A8C-D6DF-4880-BCB7-E483D6C391FC}"
EndProject
Project("{FAE04EC0-301F-11D3-BF4B-00C04F79EFBC}") = "SwatsApp.Droid", "Droid\SwatsApp.Droid.csproj", "{87A472FD-AE85-47E5-9B3B-0CA46E63A32A}"
EndProject
Global
	GlobalSection(SolutionConfigurationPlatforms) = preSolution
		Debug|Any CPU = Debug|Any CPU
		Release|Any CPU = Release|Any CPU
		Debug|iPhoneSimulator = Debug|iPhoneSimulator
		Release|iPhoneSimulator = Release|iPhoneSimulator
		Debug|iPhone = Debug|iPhone
		Release|iPhone = Release|iPhone
		Ad-Hoc|iPhone = Ad-Hoc|iPhone
		AppStore|iPhone = AppStore|iPhone
	EndGlobalSection
	GlobalSection(ProjectConfigurationPlatforms) = postSolution
		{32797A8C-D6DF-4880-BCB7-E483D6C391FC}.Ad-Hoc|iPhone.ActiveCfg = Ad-Hoc|iPhone
		{32797A8C-D6DF-4880-BCB7-E483D6C391FC}.Ad-Hoc|iPhone.Build.0 = Ad-Hoc|iPhone
		{32797A8C-D6DF-4880-BCB7-E483D6C391FC}.AppStore|iPhone.ActiveCfg = AppStore|iPhone
		{32797A8C-D6DF-4880-BCB7-E483D6C391FC}.AppStore|iPhone.Build.0 = AppStore|iPhone
		{32797A8C-D6DF-4880-BCB7-E483D6C391FC}.Debug|Any CPU.ActiveCfg = Debug|iPhoneSimulator
		{32797A8C-D6DF-4880-BCB7-E483D6C391FC}.Debug|Any CPU.Build.0 = Debug|iPhoneSimulator
		{32797A8C-D6DF-4880-BCB7-E483D6C391FC}.Debug|iPhone.ActiveCfg = Debug|iPhone
		{32797A8C-D6DF-4880-BCB7-E483D6C391FC}.Debug|iPhone.Build.0 = Debug|iPhone
		{32797A8C-D6DF-4880-BCB7-E483D6C391FC}.Debug|iPhoneSimulator.ActiveCfg = Debug|iPhoneSimulator
		{32797A8C-D6DF-4880-BCB7-E483D6C391FC}.Debug|iPhoneSimulator.Build.0 = Debug|iPhoneSimulator
		{32797A8C-D6DF-4880-BCB7-E483D6C391FC}.Release|Any CPU.ActiveCfg = Release|iPhoneSimulator
		{32797A8C-D6DF-4880-BCB7-E483D6C391FC}.Release|Any CPU.Build.0 = Release|iPhoneSimulator
		{32797A8C-D6DF-4880-BCB7-E483D6C391FC}.Release|iPhone.ActiveCfg = Release|iPhone
		{32797A8C-D6DF-4880-BCB7-E483D6C391FC}.Release|iPhone.Build.0 = Release|iPhone
		{32797A8C-D6DF-4880-BCB7-E483D6C391FC}.Release|iPhoneSimulator.ActiveCfg = Release|iPhoneSimulator
		{32797A8C-D6DF-4880-BCB7-E483D6C391FC}.Release|iPhoneSimulator.Build.0 = Release|iPhoneSimulator
		{6A1086D8-5482-4CC0-9F63-8FAA2F44209C}.Ad-Hoc|iPhone.ActiveCfg = Debug|Any CPU
		{6A1086D8-5482-4CC0-9F63-8FAA2F44209C}.Ad-Hoc|iPhone.Build.0 = Debug|Any CPU
		{6A1086D8-5482-4CC0-9F63-8FAA2F44209C}.AppStore|iPhone.ActiveCfg = Debug|Any CPU
		{6A1086D8-5482-4CC0-9F63-8FAA2F44209C}.AppStore|iPhone.Build.0 = Debug|Any CPU
		{6A1086D8-5482-4CC0-9F63-8FAA2F44209C}.Debug|Any CPU.ActiveCfg = Debug|Any CPU
		{6A1086D8-5482-4CC0-9F63-8FAA2F44209C}.Debug|Any CPU.Build.0 = Debug|Any CPU
		{6A1086D8-5482-4CC0-9F63-8FAA2F44209C}.Debug|iPhone.ActiveCfg = Debug|Any CPU
		{6A1086D8-5482-4CC0-9F63-8FAA2F44209C}.Debug|iPhone.Build.0 = Debug|Any CPU
		{6A1086D8-5482-4CC0-9F63-8FAA2F44209C}.Debug|iPhoneSimulator.ActiveCfg = Debug|Any CPU
		{6A1086D8-5482-4CC0-9F63-8FAA2F44209C}.Debug|iPhoneSimulator.Build.0 = Debug|Any CPU
		{6A1086D8-5482-4CC0-9F63-8FAA2F44209C}.Release|Any CPU.ActiveCfg = Release|Any CPU
		{6A1086D8-5482-4CC0-9F63-8FAA2F44209C}.Release|Any CPU.Build.0 = Release|Any CPU
		{6A1086D8-5482-4CC0-9F63-8FAA2F44209C}.Release|iPhone.ActiveCfg = Release|Any CPU
		{6A1086D8-5482-4CC0-9F63-8FAA2F44209C}.Release|iPhone.Build.0 = Release|Any CPU
		{6A1086D8-5482-4CC0-9F63-8FAA2F44209C}.Release|iPhoneSimulator.ActiveCfg = Release|Any CPU
		{6A1086D8-5482-4CC0-9F63-8FAA2F44209C}.Release|iPhoneSimulator.Build.0 = Release|Any CPU
		{87A472FD-AE85-47E5-9B3B-0CA46E63A32A}.Ad-Hoc|iPhone.ActiveCfg = Release|Any CPU
		{87A472FD-AE85-47E5-9B3B-0CA46E63A32A}.Ad-Hoc|iPhone.Build.0 = Release|Any CPU
		{87A472FD-AE85-47E5-9B3B-0CA46E63A32A}.AppStore|iPhone.ActiveCfg = Release|Any CPU
		{87A472FD-AE85-47E5-9B3B-0CA46E63A32A}.AppStore|iPhone.Build.0 = Release|Any CPU
		{87A472FD-AE85-47E5-9B3B-0CA46E63A32A}.Debug|Any CPU.ActiveCfg = Debug|Any CPU
		{87A472FD-AE85-47E5-9B3B-0CA46E63A32A}.Debug|Any CPU.Build.0 = Debug|Any CPU
		{87A472FD-AE85-47E5-9B3B-0CA46E63A32A}.Debug|iPhone.ActiveCfg = Debug|Any CPU
		{87A472FD-AE85-47E5-9B3B-0CA46E63A32A}.Debug|iPhone.Build.0 = Debug|Any CPU
		{87A472FD-AE85-47E5-9B3B-0CA46E63A32A}.Debug|iPhoneSimulator.ActiveCfg = Debug|Any CPU
		{87A472FD-AE85-47E5-9B3B-0CA46E63A32A}.Debug|iPhoneSimulator.Build.0 = Debug|Any CPU
		{87A472FD-AE85-47E5-9B3B-0CA46E63A32A}.Release|Any CPU.ActiveCfg = Release|Any CPU
		{87A472FD-AE85-47E5-9B3B-0CA46E63A32A}.Release|Any CPU.Build.0 = Release|Any CPU
		{87A472FD-AE85-47E5-9B3B-0CA46E63A32A}.Release|iPhone.ActiveCfg = Release|Any CPU
		{87A472FD-AE85-47E5-9B3B-0CA46E63A32A}.Release|iPhone.Build.0 = Release|Any CPU
		{87A472FD-AE85-47E5-9B3B-0CA46E63A32A}.Release|iPhoneSimulator.ActiveCfg = Release|Any CPU
		{87A472FD-AE85-47E5-9B3B-0CA46E63A32A}.Release|iPhoneSimulator.Build.0 = Release|Any CPU
	EndGlobalSection
EndGlobal
